// !$*UTF8*$!
{
	archiveVersion = 1;
	classes = {
	};
	objectVersion = 55;
	objects = {

/* Begin PBXBuildFile section */
		1B031AB6781C901F44DFC303 /* Pods_flix_flixUITests.framework in Frameworks */ = {isa = PBXBuildFile; fileRef = F0AFAE0A71ADF97C95C4BEF0 /* Pods_flix_flixUITests.framework */; };
		502D9C9E27D2ECB400A4158D /* MovieDetailsViewController.swift in Sources */ = {isa = PBXBuildFile; fileRef = 502D9C9D27D2ECB400A4158D /* MovieDetailsViewController.swift */; };
		502D9CA027D30FE300A4158D /* MovieGridViewController.swift in Sources */ = {isa = PBXBuildFile; fileRef = 502D9C9F27D30FE200A4158D /* MovieGridViewController.swift */; };
		502D9CA227D3145C00A4158D /* MovieGridCell.swift in Sources */ = {isa = PBXBuildFile; fileRef = 502D9CA127D3145C00A4158D /* MovieGridCell.swift */; };
		502D9CA627D3322800A4158D /* MovieTrailerViewController.swift in Sources */ = {isa = PBXBuildFile; fileRef = 502D9CA527D3322800A4158D /* MovieTrailerViewController.swift */; };
		502D9CAA27D3349600A4158D /* MoviePosterCell.swift in Sources */ = {isa = PBXBuildFile; fileRef = 502D9CA927D3349600A4158D /* MoviePosterCell.swift */; };
		506802DC27C99E0F00A2708D /* AppDelegate.swift in Sources */ = {isa = PBXBuildFile; fileRef = 506802DB27C99E0F00A2708D /* AppDelegate.swift */; };
		506802DE27C99E0F00A2708D /* SceneDelegate.swift in Sources */ = {isa = PBXBuildFile; fileRef = 506802DD27C99E0F00A2708D /* SceneDelegate.swift */; };
		506802E027C99E0F00A2708D /* ViewController.swift in Sources */ = {isa = PBXBuildFile; fileRef = 506802DF27C99E0F00A2708D /* ViewController.swift */; };
		506802E327C99E0F00A2708D /* Main.storyboard in Resources */ = {isa = PBXBuildFile; fileRef = 506802E127C99E0F00A2708D /* Main.storyboard */; };
		506802E527C99E0F00A2708D /* Assets.xcassets in Resources */ = {isa = PBXBuildFile; fileRef = 506802E427C99E0F00A2708D /* Assets.xcassets */; };
		506802E827C99E0F00A2708D /* LaunchScreen.storyboard in Resources */ = {isa = PBXBuildFile; fileRef = 506802E627C99E0F00A2708D /* LaunchScreen.storyboard */; };
		506802F327C99E0F00A2708D /* flixTests.swift in Sources */ = {isa = PBXBuildFile; fileRef = 506802F227C99E0F00A2708D /* flixTests.swift */; };
		506802FD27C99E0F00A2708D /* flixUITests.swift in Sources */ = {isa = PBXBuildFile; fileRef = 506802FC27C99E0F00A2708D /* flixUITests.swift */; };
		506802FF27C99E1000A2708D /* flixUITestsLaunchTests.swift in Sources */ = {isa = PBXBuildFile; fileRef = 506802FE27C99E1000A2708D /* flixUITestsLaunchTests.swift */; };
		5068030E27C9C5D200A2708D /* MovieCell.swift in Sources */ = {isa = PBXBuildFile; fileRef = 5068030D27C9C5D200A2708D /* MovieCell.swift */; };
		5C9D06FCAADC36F222A8AAD0 /* Pods_flixTests.framework in Frameworks */ = {isa = PBXBuildFile; fileRef = B9B0D40706889E63D8DD8DB6 /* Pods_flixTests.framework */; };
		E8B65023DB90A3D4AA220558 /* Pods_flix.framework in Frameworks */ = {isa = PBXBuildFile; fileRef = B3D9DD4CD5A2C3468D19B10C /* Pods_flix.framework */; };
/* End PBXBuildFile section */

/* Begin PBXContainerItemProxy section */
		506802EF27C99E0F00A2708D /* PBXContainerItemProxy */ = {
			isa = PBXContainerItemProxy;
			containerPortal = 506802D027C99E0F00A2708D /* Project object */;
			proxyType = 1;
			remoteGlobalIDString = 506802D727C99E0F00A2708D;
			remoteInfo = flix;
		};
		506802F927C99E0F00A2708D /* PBXContainerItemProxy */ = {
			isa = PBXContainerItemProxy;
			containerPortal = 506802D027C99E0F00A2708D /* Project object */;
			proxyType = 1;
			remoteGlobalIDString = 506802D727C99E0F00A2708D;
			remoteInfo = flix;
		};
/* End PBXContainerItemProxy section */

/* Begin PBXFileReference section */
		16BA12FF9A7DB8906B8DA117 /* Pods-flix-flixUITests.debug.xcconfig */ = {isa = PBXFileReference; includeInIndex = 1; lastKnownFileType = text.xcconfig; name = "Pods-flix-flixUITests.debug.xcconfig"; path = "Target Support Files/Pods-flix-flixUITests/Pods-flix-flixUITests.debug.xcconfig"; sourceTree = "<group>"; };
		18596B8225BB2A41A9345477 /* Pods-flix-flixUITests.release.xcconfig */ = {isa = PBXFileReference; includeInIndex = 1; lastKnownFileType = text.xcconfig; name = "Pods-flix-flixUITests.release.xcconfig"; path = "Target Support Files/Pods-flix-flixUITests/Pods-flix-flixUITests.release.xcconfig"; sourceTree = "<group>"; };
		502D9C9D27D2ECB400A4158D /* MovieDetailsViewController.swift */ = {isa = PBXFileReference; lastKnownFileType = sourcecode.swift; path = MovieDetailsViewController.swift; sourceTree = "<group>"; };
		502D9C9F27D30FE200A4158D /* MovieGridViewController.swift */ = {isa = PBXFileReference; lastKnownFileType = sourcecode.swift; path = MovieGridViewController.swift; sourceTree = "<group>"; };
		502D9CA127D3145C00A4158D /* MovieGridCell.swift */ = {isa = PBXFileReference; lastKnownFileType = sourcecode.swift; path = MovieGridCell.swift; sourceTree = "<group>"; };
		502D9CA527D3322800A4158D /* MovieTrailerViewController.swift */ = {isa = PBXFileReference; lastKnownFileType = sourcecode.swift; path = MovieTrailerViewController.swift; sourceTree = "<group>"; };
		502D9CA927D3349600A4158D /* MoviePosterCell.swift */ = {isa = PBXFileReference; lastKnownFileType = sourcecode.swift; path = MoviePosterCell.swift; sourceTree = "<group>"; };
		506802D827C99E0F00A2708D /* flix.app */ = {isa = PBXFileReference; explicitFileType = wrapper.application; includeInIndex = 0; path = flix.app; sourceTree = BUILT_PRODUCTS_DIR; };
		506802DB27C99E0F00A2708D /* AppDelegate.swift */ = {isa = PBXFileReference; lastKnownFileType = sourcecode.swift; path = AppDelegate.swift; sourceTree = "<group>"; };
		506802DD27C99E0F00A2708D /* SceneDelegate.swift */ = {isa = PBXFileReference; lastKnownFileType = sourcecode.swift; path = SceneDelegate.swift; sourceTree = "<group>"; };
		506802DF27C99E0F00A2708D /* ViewController.swift */ = {isa = PBXFileReference; lastKnownFileType = sourcecode.swift; path = ViewController.swift; sourceTree = "<group>"; };
		506802E227C99E0F00A2708D /* Base */ = {isa = PBXFileReference; lastKnownFileType = file.storyboard; name = Base; path = Base.lproj/Main.storyboard; sourceTree = "<group>"; };
		506802E427C99E0F00A2708D /* Assets.xcassets */ = {isa = PBXFileReference; lastKnownFileType = folder.assetcatalog; path = Assets.xcassets; sourceTree = "<group>"; };
		506802E727C99E0F00A2708D /* Base */ = {isa = PBXFileReference; lastKnownFileType = file.storyboard; name = Base; path = Base.lproj/LaunchScreen.storyboard; sourceTree = "<group>"; };
		506802E927C99E0F00A2708D /* Info.plist */ = {isa = PBXFileReference; lastKnownFileType = text.plist.xml; path = Info.plist; sourceTree = "<group>"; };
		506802EE27C99E0F00A2708D /* flixTests.xctest */ = {isa = PBXFileReference; explicitFileType = wrapper.cfbundle; includeInIndex = 0; path = flixTests.xctest; sourceTree = BUILT_PRODUCTS_DIR; };
		506802F227C99E0F00A2708D /* flixTests.swift */ = {isa = PBXFileReference; lastKnownFileType = sourcecode.swift; path = flixTests.swift; sourceTree = "<group>"; };
		506802F827C99E0F00A2708D /* flixUITests.xctest */ = {isa = PBXFileReference; explicitFileType = wrapper.cfbundle; includeInIndex = 0; path = flixUITests.xctest; sourceTree = BUILT_PRODUCTS_DIR; };
		506802FC27C99E0F00A2708D /* flixUITests.swift */ = {isa = PBXFileReference; lastKnownFileType = sourcecode.swift; path = flixUITests.swift; sourceTree = "<group>"; };
		506802FE27C99E1000A2708D /* flixUITestsLaunchTests.swift */ = {isa = PBXFileReference; lastKnownFileType = sourcecode.swift; path = flixUITestsLaunchTests.swift; sourceTree = "<group>"; };
		5068030D27C9C5D200A2708D /* MovieCell.swift */ = {isa = PBXFileReference; lastKnownFileType = sourcecode.swift; path = MovieCell.swift; sourceTree = "<group>"; };
		562914995686E8BF4F8C0E63 /* Pods-flix.debug.xcconfig */ = {isa = PBXFileReference; includeInIndex = 1; lastKnownFileType = text.xcconfig; name = "Pods-flix.debug.xcconfig"; path = "Target Support Files/Pods-flix/Pods-flix.debug.xcconfig"; sourceTree = "<group>"; };
		7A10F1E1481928F00E72AB13 /* Pods-flix.release.xcconfig */ = {isa = PBXFileReference; includeInIndex = 1; lastKnownFileType = text.xcconfig; name = "Pods-flix.release.xcconfig"; path = "Target Support Files/Pods-flix/Pods-flix.release.xcconfig"; sourceTree = "<group>"; };
		8CD4CEB3EABD5EC929CC755E /* Pods-flixTests.release.xcconfig */ = {isa = PBXFileReference; includeInIndex = 1; lastKnownFileType = text.xcconfig; name = "Pods-flixTests.release.xcconfig"; path = "Target Support Files/Pods-flixTests/Pods-flixTests.release.xcconfig"; sourceTree = "<group>"; };
		B3D9DD4CD5A2C3468D19B10C /* Pods_flix.framework */ = {isa = PBXFileReference; explicitFileType = wrapper.framework; includeInIndex = 0; path = Pods_flix.framework; sourceTree = BUILT_PRODUCTS_DIR; };
		B9B0D40706889E63D8DD8DB6 /* Pods_flixTests.framework */ = {isa = PBXFileReference; explicitFileType = wrapper.framework; includeInIndex = 0; path = Pods_flixTests.framework; sourceTree = BUILT_PRODUCTS_DIR; };
		C0BBB7AFD4D8D7BA03C7261A /* Pods-flixTests.debug.xcconfig */ = {isa = PBXFileReference; includeInIndex = 1; lastKnownFileType = text.xcconfig; name = "Pods-flixTests.debug.xcconfig"; path = "Target Support Files/Pods-flixTests/Pods-flixTests.debug.xcconfig"; sourceTree = "<group>"; };
		F0AFAE0A71ADF97C95C4BEF0 /* Pods_flix_flixUITests.framework */ = {isa = PBXFileReference; explicitFileType = wrapper.framework; includeInIndex = 0; path = Pods_flix_flixUITests.framework; sourceTree = BUILT_PRODUCTS_DIR; };
/* End PBXFileReference section */

/* Begin PBXFrameworksBuildPhase section */
		506802D527C99E0F00A2708D /* Frameworks */ = {
			isa = PBXFrameworksBuildPhase;
			buildActionMask = 2147483647;
			files = (
				E8B65023DB90A3D4AA220558 /* Pods_flix.framework in Frameworks */,
			);
			runOnlyForDeploymentPostprocessing = 0;
		};
		506802EB27C99E0F00A2708D /* Frameworks */ = {
			isa = PBXFrameworksBuildPhase;
			buildActionMask = 2147483647;
			files = (
				5C9D06FCAADC36F222A8AAD0 /* Pods_flixTests.framework in Frameworks */,
			);
			runOnlyForDeploymentPostprocessing = 0;
		};
		506802F527C99E0F00A2708D /* Frameworks */ = {
			isa = PBXFrameworksBuildPhase;
			buildActionMask = 2147483647;
			files = (
				1B031AB6781C901F44DFC303 /* Pods_flix_flixUITests.framework in Frameworks */,
			);
			runOnlyForDeploymentPostprocessing = 0;
		};
/* End PBXFrameworksBuildPhase section */

/* Begin PBXGroup section */
		2F6BA927A323BCD606885563 /* Frameworks */ = {
			isa = PBXGroup;
			children = (
				B3D9DD4CD5A2C3468D19B10C /* Pods_flix.framework */,
				F0AFAE0A71ADF97C95C4BEF0 /* Pods_flix_flixUITests.framework */,
				B9B0D40706889E63D8DD8DB6 /* Pods_flixTests.framework */,
			);
			name = Frameworks;
			sourceTree = "<group>";
		};
		506802CF27C99E0F00A2708D = {
			isa = PBXGroup;
			children = (
				506802DA27C99E0F00A2708D /* flix */,
				506802F127C99E0F00A2708D /* flixTests */,
				506802FB27C99E0F00A2708D /* flixUITests */,
				506802D927C99E0F00A2708D /* Products */,
				F34FAED49D7D3D008B81CBA8 /* Pods */,
				2F6BA927A323BCD606885563 /* Frameworks */,
			);
			sourceTree = "<group>";
		};
		506802D927C99E0F00A2708D /* Products */ = {
			isa = PBXGroup;
			children = (
				506802D827C99E0F00A2708D /* flix.app */,
				506802EE27C99E0F00A2708D /* flixTests.xctest */,
				506802F827C99E0F00A2708D /* flixUITests.xctest */,
			);
			name = Products;
			sourceTree = "<group>";
		};
		506802DA27C99E0F00A2708D /* flix */ = {
			isa = PBXGroup;
			children = (
				506802DB27C99E0F00A2708D /* AppDelegate.swift */,
				506802DD27C99E0F00A2708D /* SceneDelegate.swift */,
				506802DF27C99E0F00A2708D /* ViewController.swift */,
				506802E127C99E0F00A2708D /* Main.storyboard */,
				5068030D27C9C5D200A2708D /* MovieCell.swift */,
				506802E427C99E0F00A2708D /* Assets.xcassets */,
				506802E627C99E0F00A2708D /* LaunchScreen.storyboard */,
				506802E927C99E0F00A2708D /* Info.plist */,
				502D9C9D27D2ECB400A4158D /* MovieDetailsViewController.swift */,
				502D9C9F27D30FE200A4158D /* MovieGridViewController.swift */,
				502D9CA127D3145C00A4158D /* MovieGridCell.swift */,
				502D9CA527D3322800A4158D /* MovieTrailerViewController.swift */,
				502D9CA927D3349600A4158D /* MoviePosterCell.swift */,
			);
			path = flix;
			sourceTree = "<group>";
		};
		506802F127C99E0F00A2708D /* flixTests */ = {
			isa = PBXGroup;
			children = (
				506802F227C99E0F00A2708D /* flixTests.swift */,
			);
			path = flixTests;
			sourceTree = "<group>";
		};
		506802FB27C99E0F00A2708D /* flixUITests */ = {
			isa = PBXGroup;
			children = (
				506802FC27C99E0F00A2708D /* flixUITests.swift */,
				506802FE27C99E1000A2708D /* flixUITestsLaunchTests.swift */,
			);
			path = flixUITests;
			sourceTree = "<group>";
		};
		F34FAED49D7D3D008B81CBA8 /* Pods */ = {
			isa = PBXGroup;
			children = (
				562914995686E8BF4F8C0E63 /* Pods-flix.debug.xcconfig */,
				7A10F1E1481928F00E72AB13 /* Pods-flix.release.xcconfig */,
				16BA12FF9A7DB8906B8DA117 /* Pods-flix-flixUITests.debug.xcconfig */,
				18596B8225BB2A41A9345477 /* Pods-flix-flixUITests.release.xcconfig */,
				C0BBB7AFD4D8D7BA03C7261A /* Pods-flixTests.debug.xcconfig */,
				8CD4CEB3EABD5EC929CC755E /* Pods-flixTests.release.xcconfig */,
			);
			path = Pods;
			sourceTree = "<group>";
		};
/* End PBXGroup section */

/* Begin PBXNativeTarget section */
		506802D727C99E0F00A2708D /* flix */ = {
			isa = PBXNativeTarget;
			buildConfigurationList = 5068030227C99E1000A2708D /* Build configuration list for PBXNativeTarget "flix" */;
			buildPhases = (
				AEC24AA868934E50388C3A2D /* [CP] Check Pods Manifest.lock */,
				506802D427C99E0F00A2708D /* Sources */,
				506802D527C99E0F00A2708D /* Frameworks */,
				506802D627C99E0F00A2708D /* Resources */,
				91960FA142F0B30BFB91762E /* [CP] Embed Pods Frameworks */,
			);
			buildRules = (
			);
			dependencies = (
			);
			name = flix;
			productName = flix;
			productReference = 506802D827C99E0F00A2708D /* flix.app */;
			productType = "com.apple.product-type.application";
		};
		506802ED27C99E0F00A2708D /* flixTests */ = {
			isa = PBXNativeTarget;
			buildConfigurationList = 5068030527C99E1000A2708D /* Build configuration list for PBXNativeTarget "flixTests" */;
			buildPhases = (
				0C1D3150149A55CE8EF82CAD /* [CP] Check Pods Manifest.lock */,
				506802EA27C99E0F00A2708D /* Sources */,
				506802EB27C99E0F00A2708D /* Frameworks */,
				506802EC27C99E0F00A2708D /* Resources */,
			);
			buildRules = (
			);
			dependencies = (
				506802F027C99E0F00A2708D /* PBXTargetDependency */,
			);
			name = flixTests;
			productName = flixTests;
			productReference = 506802EE27C99E0F00A2708D /* flixTests.xctest */;
			productType = "com.apple.product-type.bundle.unit-test";
		};
		506802F727C99E0F00A2708D /* flixUITests */ = {
			isa = PBXNativeTarget;
			buildConfigurationList = 5068030827C99E1000A2708D /* Build configuration list for PBXNativeTarget "flixUITests" */;
			buildPhases = (
				F2117E8583B3BEBE424E5818 /* [CP] Check Pods Manifest.lock */,
				506802F427C99E0F00A2708D /* Sources */,
				506802F527C99E0F00A2708D /* Frameworks */,
				506802F627C99E0F00A2708D /* Resources */,
				A297460026451145C481469F /* [CP] Embed Pods Frameworks */,
			);
			buildRules = (
			);
			dependencies = (
				506802FA27C99E0F00A2708D /* PBXTargetDependency */,
			);
			name = flixUITests;
			productName = flixUITests;
			productReference = 506802F827C99E0F00A2708D /* flixUITests.xctest */;
			productType = "com.apple.product-type.bundle.ui-testing";
		};
/* End PBXNativeTarget section */

/* Begin PBXProject section */
		506802D027C99E0F00A2708D /* Project object */ = {
			isa = PBXProject;
			attributes = {
				BuildIndependentTargetsInParallel = 1;
				LastSwiftUpdateCheck = 1320;
				LastUpgradeCheck = 1320;
				TargetAttributes = {
					506802D727C99E0F00A2708D = {
						CreatedOnToolsVersion = 13.2.1;
					};
					506802ED27C99E0F00A2708D = {
						CreatedOnToolsVersion = 13.2.1;
						TestTargetID = 506802D727C99E0F00A2708D;
					};
					506802F727C99E0F00A2708D = {
						CreatedOnToolsVersion = 13.2.1;
						TestTargetID = 506802D727C99E0F00A2708D;
					};
				};
			};
			buildConfigurationList = 506802D327C99E0F00A2708D /* Build configuration list for PBXProject "flix" */;
			compatibilityVersion = "Xcode 13.0";
			developmentRegion = en;
			hasScannedForEncodings = 0;
			knownRegions = (
				en,
				Base,
			);
			mainGroup = 506802CF27C99E0F00A2708D;
			productRefGroup = 506802D927C99E0F00A2708D /* Products */;
			projectDirPath = "";
			projectRoot = "";
			targets = (
				506802D727C99E0F00A2708D /* flix */,
				506802ED27C99E0F00A2708D /* flixTests */,
				506802F727C99E0F00A2708D /* flixUITests */,
			);
		};
/* End PBXProject section */

/* Begin PBXResourcesBuildPhase section */
		506802D627C99E0F00A2708D /* Resources */ = {
			isa = PBXResourcesBuildPhase;
			buildActionMask = 2147483647;
			files = (
				506802E827C99E0F00A2708D /* LaunchScreen.storyboard in Resources */,
				506802E527C99E0F00A2708D /* Assets.xcassets in Resources */,
				506802E327C99E0F00A2708D /* Main.storyboard in Resources */,
			);
			runOnlyForDeploymentPostprocessing = 0;
		};
		506802EC27C99E0F00A2708D /* Resources */ = {
			isa = PBXResourcesBuildPhase;
			buildActionMask = 2147483647;
			files = (
			);
			runOnlyForDeploymentPostprocessing = 0;
		};
		506802F627C99E0F00A2708D /* Resources */ = {
			isa = PBXResourcesBuildPhase;
			buildActionMask = 2147483647;
			files = (
			);
			runOnlyForDeploymentPostprocessing = 0;
		};
/* End PBXResourcesBuildPhase section */

/* Begin PBXShellScriptBuildPhase section */
		0C1D3150149A55CE8EF82CAD /* [CP] Check Pods Manifest.lock */ = {
			isa = PBXShellScriptBuildPhase;
			buildActionMask = 2147483647;
			files = (
			);
			inputFileListPaths = (
			);
			inputPaths = (
				"${PODS_PODFILE_DIR_PATH}/Podfile.lock",
				"${PODS_ROOT}/Manifest.lock",
			);
			name = "[CP] Check Pods Manifest.lock";
			outputFileListPaths = (
			);
			outputPaths = (
				"$(DERIVED_FILE_DIR)/Pods-flixTests-checkManifestLockResult.txt",
			);
			runOnlyForDeploymentPostprocessing = 0;
			shellPath = /bin/sh;
			shellScript = "diff \"${PODS_PODFILE_DIR_PATH}/Podfile.lock\" \"${PODS_ROOT}/Manifest.lock\" > /dev/null\nif [ $? != 0 ] ; then\n    # print error to STDERR\n    echo \"error: The sandbox is not in sync with the Podfile.lock. Run 'pod install' or update your CocoaPods installation.\" >&2\n    exit 1\nfi\n# This output is used by Xcode 'outputs' to avoid re-running this script phase.\necho \"SUCCESS\" > \"${SCRIPT_OUTPUT_FILE_0}\"\n";
			showEnvVarsInLog = 0;
		};
		91960FA142F0B30BFB91762E /* [CP] Embed Pods Frameworks */ = {
			isa = PBXShellScriptBuildPhase;
			buildActionMask = 2147483647;
			files = (
			);
			inputFileListPaths = (
				"${PODS_ROOT}/Target Support Files/Pods-flix/Pods-flix-frameworks-${CONFIGURATION}-input-files.xcfilelist",
			);
			name = "[CP] Embed Pods Frameworks";
			outputFileListPaths = (
				"${PODS_ROOT}/Target Support Files/Pods-flix/Pods-flix-frameworks-${CONFIGURATION}-output-files.xcfilelist",
			);
			runOnlyForDeploymentPostprocessing = 0;
			shellPath = /bin/sh;
			shellScript = "\"${PODS_ROOT}/Target Support Files/Pods-flix/Pods-flix-frameworks.sh\"\n";
			showEnvVarsInLog = 0;
		};
		A297460026451145C481469F /* [CP] Embed Pods Frameworks */ = {
			isa = PBXShellScriptBuildPhase;
			buildActionMask = 2147483647;
			files = (
			);
			inputFileListPaths = (
				"${PODS_ROOT}/Target Support Files/Pods-flix-flixUITests/Pods-flix-flixUITests-frameworks-${CONFIGURATION}-input-files.xcfilelist",
			);
			name = "[CP] Embed Pods Frameworks";
			outputFileListPaths = (
				"${PODS_ROOT}/Target Support Files/Pods-flix-flixUITests/Pods-flix-flixUITests-frameworks-${CONFIGURATION}-output-files.xcfilelist",
			);
			runOnlyForDeploymentPostprocessing = 0;
			shellPath = /bin/sh;
			shellScript = "\"${PODS_ROOT}/Target Support Files/Pods-flix-flixUITests/Pods-flix-flixUITests-frameworks.sh\"\n";
			showEnvVarsInLog = 0;
		};
		AEC24AA868934E50388C3A2D /* [CP] Check Pods Manifest.lock */ = {
			isa = PBXShellScriptBuildPhase;
			buildActionMask = 2147483647;
			files = (
			);
			inputFileListPaths = (
			);
			inputPaths = (
				"${PODS_PODFILE_DIR_PATH}/Podfile.lock",
				"${PODS_ROOT}/Manifest.lock",
			);
			name = "[CP] Check Pods Manifest.lock";
			outputFileListPaths = (
			);
			outputPaths = (
				"$(DERIVED_FILE_DIR)/Pods-flix-checkManifestLockResult.txt",
			);
			runOnlyForDeploymentPostprocessing = 0;
			shellPath = /bin/sh;
			shellScript = "diff \"${PODS_PODFILE_DIR_PATH}/Podfile.lock\" \"${PODS_ROOT}/Manifest.lock\" > /dev/null\nif [ $? != 0 ] ; then\n    # print error to STDERR\n    echo \"error: The sandbox is not in sync with the Podfile.lock. Run 'pod install' or update your CocoaPods installation.\" >&2\n    exit 1\nfi\n# This output is used by Xcode 'outputs' to avoid re-running this script phase.\necho \"SUCCESS\" > \"${SCRIPT_OUTPUT_FILE_0}\"\n";
			showEnvVarsInLog = 0;
		};
		F2117E8583B3BEBE424E5818 /* [CP] Check Pods Manifest.lock */ = {
			isa = PBXShellScriptBuildPhase;
			buildActionMask = 2147483647;
			files = (
			);
			inputFileListPaths = (
			);
			inputPaths = (
				"${PODS_PODFILE_DIR_PATH}/Podfile.lock",
				"${PODS_ROOT}/Manifest.lock",
			);
			name = "[CP] Check Pods Manifest.lock";
			outputFileListPaths = (
			);
			outputPaths = (
				"$(DERIVED_FILE_DIR)/Pods-flix-flixUITests-checkManifestLockResult.txt",
			);
			runOnlyForDeploymentPostprocessing = 0;
			shellPath = /bin/sh;
			shellScript = "diff \"${PODS_PODFILE_DIR_PATH}/Podfile.lock\" \"${PODS_ROOT}/Manifest.lock\" > /dev/null\nif [ $? != 0 ] ; then\n    # print error to STDERR\n    echo \"error: The sandbox is not in sync with the Podfile.lock. Run 'pod install' or update your CocoaPods installation.\" >&2\n    exit 1\nfi\n# This output is used by Xcode 'outputs' to avoid re-running this script phase.\necho \"SUCCESS\" > \"${SCRIPT_OUTPUT_FILE_0}\"\n";
			showEnvVarsInLog = 0;
		};
/* End PBXShellScriptBuildPhase section */

/* Begin PBXSourcesBuildPhase section */
		506802D427C99E0F00A2708D /* Sources */ = {
			isa = PBXSourcesBuildPhase;
			buildActionMask = 2147483647;
			files = (
				502D9CAA27D3349600A4158D /* MoviePosterCell.swift in Sources */,
				502D9C9E27D2ECB400A4158D /* MovieDetailsViewController.swift in Sources */,
				506802E027C99E0F00A2708D /* ViewController.swift in Sources */,
				502D9CA627D3322800A4158D /* MovieTrailerViewController.swift in Sources */,
				506802DC27C99E0F00A2708D /* AppDelegate.swift in Sources */,
				5068030E27C9C5D200A2708D /* MovieCell.swift in Sources */,
				506802DE27C99E0F00A2708D /* SceneDelegate.swift in Sources */,
				502D9CA027D30FE300A4158D /* MovieGridViewController.swift in Sources */,
				502D9CA227D3145C00A4158D /* MovieGridCell.swift in Sources */,
			);
			runOnlyForDeploymentPostprocessing = 0;
		};
		506802EA27C99E0F00A2708D /* Sources */ = {
			isa = PBXSourcesBuildPhase;
			buildActionMask = 2147483647;
			files = (
				506802F327C99E0F00A2708D /* flixTests.swift in Sources */,
			);
			runOnlyForDeploymentPostprocessing = 0;
		};
		506802F427C99E0F00A2708D /* Sources */ = {
			isa = PBXSourcesBuildPhase;
			buildActionMask = 2147483647;
			files = (
				506802FD27C99E0F00A2708D /* flixUITests.swift in Sources */,
				506802FF27C99E1000A2708D /* flixUITestsLaunchTests.swift in Sources */,
			);
			runOnlyForDeploymentPostprocessing = 0;
		};
/* End PBXSourcesBuildPhase section */

/* Begin PBXTargetDependency section */
		506802F027C99E0F00A2708D /* PBXTargetDependency */ = {
			isa = PBXTargetDependency;
			target = 506802D727C99E0F00A2708D /* flix */;
			targetProxy = 506802EF27C99E0F00A2708D /* PBXContainerItemProxy */;
		};
		506802FA27C99E0F00A2708D /* PBXTargetDependency */ = {
			isa = PBXTargetDependency;
			target = 506802D727C99E0F00A2708D /* flix */;
			targetProxy = 506802F927C99E0F00A2708D /* PBXContainerItemProxy */;
		};
/* End PBXTargetDependency section */

/* Begin PBXVariantGroup section */
		506802E127C99E0F00A2708D /* Main.storyboard */ = {
			isa = PBXVariantGroup;
			children = (
				506802E227C99E0F00A2708D /* Base */,
			);
			name = Main.storyboard;
			sourceTree = "<group>";
		};
		506802E627C99E0F00A2708D /* LaunchScreen.storyboard */ = {
			isa = PBXVariantGroup;
			children = (
				506802E727C99E0F00A2708D /* Base */,
			);
			name = LaunchScreen.storyboard;
			sourceTree = "<group>";
		};
/* End PBXVariantGroup section */

/* Begin XCBuildConfiguration section */
		5068030027C99E1000A2708D /* Debug */ = {
			isa = XCBuildConfiguration;
			buildSettings = {
				ALWAYS_SEARCH_USER_PATHS = NO;
				CLANG_ANALYZER_NONNULL = YES;
				CLANG_ANALYZER_NUMBER_OBJECT_CONVERSION = YES_AGGRESSIVE;
				CLANG_CXX_LANGUAGE_STANDARD = "gnu++17";
				CLANG_CXX_LIBRARY = "libc++";
				CLANG_ENABLE_MODULES = YES;
				CLANG_ENABLE_OBJC_ARC = YES;
				CLANG_ENABLE_OBJC_WEAK = YES;
				CLANG_WARN_BLOCK_CAPTURE_AUTORELEASING = YES;
				CLANG_WARN_BOOL_CONVERSION = YES;
				CLANG_WARN_COMMA = YES;
				CLANG_WARN_CONSTANT_CONVERSION = YES;
				CLANG_WARN_DEPRECATED_OBJC_IMPLEMENTATIONS = YES;
				CLANG_WARN_DIRECT_OBJC_ISA_USAGE = YES_ERROR;
				CLANG_WARN_DOCUMENTATION_COMMENTS = YES;
				CLANG_WARN_EMPTY_BODY = YES;
				CLANG_WARN_ENUM_CONVERSION = YES;
				CLANG_WARN_INFINITE_RECURSION = YES;
				CLANG_WARN_INT_CONVERSION = YES;
				CLANG_WARN_NON_LITERAL_NULL_CONVERSION = YES;
				CLANG_WARN_OBJC_IMPLICIT_RETAIN_SELF = YES;
				CLANG_WARN_OBJC_LITERAL_CONVERSION = YES;
				CLANG_WARN_OBJC_ROOT_CLASS = YES_ERROR;
				CLANG_WARN_QUOTED_INCLUDE_IN_FRAMEWORK_HEADER = YES;
				CLANG_WARN_RANGE_LOOP_ANALYSIS = YES;
				CLANG_WARN_STRICT_PROTOTYPES = YES;
				CLANG_WARN_SUSPICIOUS_MOVE = YES;
				CLANG_WARN_UNGUARDED_AVAILABILITY = YES_AGGRESSIVE;
				CLANG_WARN_UNREACHABLE_CODE = YES;
				CLANG_WARN__DUPLICATE_METHOD_MATCH = YES;
				COPY_PHASE_STRIP = NO;
				DEBUG_INFORMATION_FORMAT = dwarf;
				ENABLE_STRICT_OBJC_MSGSEND = YES;
				ENABLE_TESTABILITY = YES;
				GCC_C_LANGUAGE_STANDARD = gnu11;
				GCC_DYNAMIC_NO_PIC = NO;
				GCC_NO_COMMON_BLOCKS = YES;
				GCC_OPTIMIZATION_LEVEL = 0;
				GCC_PREPROCESSOR_DEFINITIONS = (
					"DEBUG=1",
					"$(inherited)",
				);
				GCC_WARN_64_TO_32_BIT_CONVERSION = YES;
				GCC_WARN_ABOUT_RETURN_TYPE = YES_ERROR;
				GCC_WARN_UNDECLARED_SELECTOR = YES;
				GCC_WARN_UNINITIALIZED_AUTOS = YES_AGGRESSIVE;
				GCC_WARN_UNUSED_FUNCTION = YES;
				GCC_WARN_UNUSED_VARIABLE = YES;
				IPHONEOS_DEPLOYMENT_TARGET = 15.2;
				MTL_ENABLE_DEBUG_INFO = INCLUDE_SOURCE;
				MTL_FAST_MATH = YES;
				ONLY_ACTIVE_ARCH = YES;
				SDKROOT = iphoneos;
				SWIFT_ACTIVE_COMPILATION_CONDITIONS = DEBUG;
				SWIFT_OPTIMIZATION_LEVEL = "-Onone";
			};
			name = Debug;
		};
		5068030127C99E1000A2708D /* Release */ = {
			isa = XCBuildConfiguration;
			buildSettings = {
				ALWAYS_SEARCH_USER_PATHS = NO;
				CLANG_ANALYZER_NONNULL = YES;
				CLANG_ANALYZER_NUMBER_OBJECT_CONVERSION = YES_AGGRESSIVE;
				CLANG_CXX_LANGUAGE_STANDARD = "gnu++17";
				CLANG_CXX_LIBRARY = "libc++";
				CLANG_ENABLE_MODULES = YES;
				CLANG_ENABLE_OBJC_ARC = YES;
				CLANG_ENABLE_OBJC_WEAK = YES;
				CLANG_WARN_BLOCK_CAPTURE_AUTORELEASING = YES;
				CLANG_WARN_BOOL_CONVERSION = YES;
				CLANG_WARN_COMMA = YES;
				CLANG_WARN_CONSTANT_CONVERSION = YES;
				CLANG_WARN_DEPRECATED_OBJC_IMPLEMENTATIONS = YES;
				CLANG_WARN_DIRECT_OBJC_ISA_USAGE = YES_ERROR;
				CLANG_WARN_DOCUMENTATION_COMMENTS = YES;
				CLANG_WARN_EMPTY_BODY = YES;
				CLANG_WARN_ENUM_CONVERSION = YES;
				CLANG_WARN_INFINITE_RECURSION = YES;
				CLANG_WARN_INT_CONVERSION = YES;
				CLANG_WARN_NON_LITERAL_NULL_CONVERSION = YES;
				CLANG_WARN_OBJC_IMPLICIT_RETAIN_SELF = YES;
				CLANG_WARN_OBJC_LITERAL_CONVERSION = YES;
				CLANG_WARN_OBJC_ROOT_CLASS = YES_ERROR;
				CLANG_WARN_QUOTED_INCLUDE_IN_FRAMEWORK_HEADER = YES;
				CLANG_WARN_RANGE_LOOP_ANALYSIS = YES;
				CLANG_WARN_STRICT_PROTOTYPES = YES;
				CLANG_WARN_SUSPICIOUS_MOVE = YES;
				CLANG_WARN_UNGUARDED_AVAILABILITY = YES_AGGRESSIVE;
				CLANG_WARN_UNREACHABLE_CODE = YES;
				CLANG_WARN__DUPLICATE_METHOD_MATCH = YES;
				COPY_PHASE_STRIP = NO;
				DEBUG_INFORMATION_FORMAT = "dwarf-with-dsym";
				ENABLE_NS_ASSERTIONS = NO;
				ENABLE_STRICT_OBJC_MSGSEND = YES;
				GCC_C_LANGUAGE_STANDARD = gnu11;
				GCC_NO_COMMON_BLOCKS = YES;
				GCC_WARN_64_TO_32_BIT_CONVERSION = YES;
				GCC_WARN_ABOUT_RETURN_TYPE = YES_ERROR;
				GCC_WARN_UNDECLARED_SELECTOR = YES;
				GCC_WARN_UNINITIALIZED_AUTOS = YES_AGGRESSIVE;
				GCC_WARN_UNUSED_FUNCTION = YES;
				GCC_WARN_UNUSED_VARIABLE = YES;
				IPHONEOS_DEPLOYMENT_TARGET = 15.2;
				MTL_ENABLE_DEBUG_INFO = NO;
				MTL_FAST_MATH = YES;
				SDKROOT = iphoneos;
				SWIFT_COMPILATION_MODE = wholemodule;
				SWIFT_OPTIMIZATION_LEVEL = "-O";
				VALIDATE_PRODUCT = YES;
			};
			name = Release;
		};
		5068030327C99E1000A2708D /* Debug */ = {
			isa = XCBuildConfiguration;
			baseConfigurationReference = 562914995686E8BF4F8C0E63 /* Pods-flix.debug.xcconfig */;
			buildSettings = {
				ASSETCATALOG_COMPILER_APPICON_NAME = AppIcon;
				ASSETCATALOG_COMPILER_GLOBAL_ACCENT_COLOR_NAME = AccentColor;
				CODE_SIGN_STYLE = Automatic;
				CURRENT_PROJECT_VERSION = 1;
				DEVELOPMENT_TEAM = L7Z3S54G7A;
				GENERATE_INFOPLIST_FILE = YES;
				INFOPLIST_FILE = flix/Info.plist;
				INFOPLIST_KEY_UIApplicationSupportsIndirectInputEvents = YES;
				INFOPLIST_KEY_UILaunchStoryboardName = LaunchScreen;
				INFOPLIST_KEY_UIMainStoryboardFile = Main;
				INFOPLIST_KEY_UISupportedInterfaceOrientations_iPad = "UIInterfaceOrientationPortrait UIInterfaceOrientationPortraitUpsideDown UIInterfaceOrientationLandscapeLeft UIInterfaceOrientationLandscapeRight";
				INFOPLIST_KEY_UISupportedInterfaceOrientations_iPhone = "UIInterfaceOrientationPortrait UIInterfaceOrientationLandscapeLeft UIInterfaceOrientationLandscapeRight";
				LD_RUNPATH_SEARCH_PATHS = (
					"$(inherited)",
					"@executable_path/Frameworks",
				);
				MARKETING_VERSION = 1.0;
				PRODUCT_BUNDLE_IDENTIFIER = com.tommy89231671.flix6;
				PRODUCT_NAME = "$(TARGET_NAME)";
				SWIFT_EMIT_LOC_STRINGS = YES;
				SWIFT_VERSION = 5.0;
				TARGETED_DEVICE_FAMILY = "1,2";
			};
			name = Debug;
		};
		5068030427C99E1000A2708D /* Release */ = {
			isa = XCBuildConfiguration;
			baseConfigurationReference = 7A10F1E1481928F00E72AB13 /* Pods-flix.release.xcconfig */;
			buildSettings = {
				ASSETCATALOG_COMPILER_APPICON_NAME = AppIcon;
				ASSETCATALOG_COMPILER_GLOBAL_ACCENT_COLOR_NAME = AccentColor;
				CODE_SIGN_STYLE = Automatic;
				CURRENT_PROJECT_VERSION = 1;
				DEVELOPMENT_TEAM = L7Z3S54G7A;
				GENERATE_INFOPLIST_FILE = YES;
				INFOPLIST_FILE = flix/Info.plist;
				INFOPLIST_KEY_UIApplicationSupportsIndirectInputEvents = YES;
				INFOPLIST_KEY_UILaunchStoryboardName = LaunchScreen;
				INFOPLIST_KEY_UIMainStoryboardFile = Main;
				INFOPLIST_KEY_UISupportedInterfaceOrientations_iPad = "UIInterfaceOrientationPortrait UIInterfaceOrientationPortraitUpsideDown UIInterfaceOrientationLandscapeLeft UIInterfaceOrientationLandscapeRight";
				INFOPLIST_KEY_UISupportedInterfaceOrientations_iPhone = "UIInterfaceOrientationPortrait UIInterfaceOrientationLandscapeLeft UIInterfaceOrientationLandscapeRight";
				LD_RUNPATH_SEARCH_PATHS = (
					"$(inherited)",
					"@executable_path/Frameworks",
				);
				MARKETING_VERSION = 1.0;
				PRODUCT_BUNDLE_IDENTIFIER = com.tommy89231671.flix6;
				PRODUCT_NAME = "$(TARGET_NAME)";
				SWIFT_EMIT_LOC_STRINGS = YES;
				SWIFT_VERSION = 5.0;
				TARGETED_DEVICE_FAMILY = "1,2";
			};
			name = Release;
		};
		5068030627C99E1000A2708D /* Debug */ = {
			isa = XCBuildConfiguration;
			baseConfigurationReference = C0BBB7AFD4D8D7BA03C7261A /* Pods-flixTests.debug.xcconfig */;
			buildSettings = {
				ALWAYS_EMBED_SWIFT_STANDARD_LIBRARIES = YES;
				BUNDLE_LOADER = "$(TEST_HOST)";
				CODE_SIGN_STYLE = Automatic;
				CURRENT_PROJECT_VERSION = 1;
				DEVELOPMENT_TEAM = L7Z3S54G7A;
				GENERATE_INFOPLIST_FILE = YES;
				IPHONEOS_DEPLOYMENT_TARGET = 15.2;
				MARKETING_VERSION = 1.0;
				PRODUCT_BUNDLE_IDENTIFIER = com.tommy89231671.flixTests;
				PRODUCT_NAME = "$(TARGET_NAME)";
				SWIFT_EMIT_LOC_STRINGS = NO;
				SWIFT_VERSION = 5.0;
				TARGETED_DEVICE_FAMILY = "1,2";
				TEST_HOST = "$(BUILT_PRODUCTS_DIR)/flix.app/flix";
			};
			name = Debug;
		};
		5068030727C99E1000A2708D /* Release */ = {
			isa = XCBuildConfiguration;
			baseConfigurationReference = 8CD4CEB3EABD5EC929CC755E /* Pods-flixTests.release.xcconfig */;
			buildSettings = {
				ALWAYS_EMBED_SWIFT_STANDARD_LIBRARIES = YES;
				BUNDLE_LOADER = "$(TEST_HOST)";
				CODE_SIGN_STYLE = Automatic;
				CURRENT_PROJECT_VERSION = 1;
				DEVELOPMENT_TEAM = L7Z3S54G7A;
				GENERATE_INFOPLIST_FILE = YES;
				IPHONEOS_DEPLOYMENT_TARGET = 15.2;
				MARKETING_VERSION = 1.0;
				PRODUCT_BUNDLE_IDENTIFIER = com.tommy89231671.flixTests;
				PRODUCT_NAME = "$(TARGET_NAME)";
				SWIFT_EMIT_LOC_STRINGS = NO;
				SWIFT_VERSION = 5.0;
				TARGETED_DEVICE_FAMILY = "1,2";
				TEST_HOST = "$(BUILT_PRODUCTS_DIR)/flix.app/flix";
			};
			name = Release;
		};
		5068030927C99E1000A2708D /* Debug */ = {
			isa = XCBuildConfiguration;
			baseConfigurationReference = 16BA12FF9A7DB8906B8DA117 /* Pods-flix-flixUITests.debug.xcconfig */;
			buildSettings = {
				ALWAYS_EMBED_SWIFT_STANDARD_LIBRARIES = YES;
				CODE_SIGN_STYLE = Automatic;
				CURRENT_PROJECT_VERSION = 1;
				DEVELOPMENT_TEAM = L7Z3S54G7A;
				GENERATE_INFOPLIST_FILE = YES;
				MARKETING_VERSION = 1.0;
				PRODUCT_BUNDLE_IDENTIFIER = com.tommy89231671.flixUITests;
				PRODUCT_NAME = "$(TARGET_NAME)";
				SWIFT_EMIT_LOC_STRINGS = NO;
				SWIFT_VERSION = 5.0;
				TARGETED_DEVICE_FAMILY = "1,2";
				TEST_TARGET_NAME = flix;
			};
			name = Debug;
		};
		5068030A27C99E1000A2708D /* Release */ = {
			isa = XCBuildConfiguration;
			baseConfigurationReference = 18596B8225BB2A41A9345477 /* Pods-flix-flixUITests.release.xcconfig */;
			buildSettings = {
				ALWAYS_EMBED_SWIFT_STANDARD_LIBRARIES = YES;
				CODE_SIGN_STYLE = Automatic;
				CURRENT_PROJECT_VERSION = 1;
				DEVELOPMENT_TEAM = L7Z3S54G7A;
				GENERATE_INFOPLIST_FILE = YES;
				MARKETING_VERSION = 1.0;
				PRODUCT_BUNDLE_IDENTIFIER = com.tommy89231671.flixUITests;
				PRODUCT_NAME = "$(TARGET_NAME)";
				SWIFT_EMIT_LOC_STRINGS = NO;
				SWIFT_VERSION = 5.0;
				TARGETED_DEVICE_FAMILY = "1,2";
				TEST_TARGET_NAME = flix;
			};
			name = Release;
		};
/* End XCBuildConfiguration section */

/* Begin XCConfigurationList section */
		506802D327C99E0F00A2708D /* Build configuration list for PBXProject "flix" */ = {
			isa = XCConfigurationList;
			buildConfigurations = (
				5068030027C99E1000A2708D /* Debug */,
				5068030127C99E1000A2708D /* Release */,
			);
			defaultConfigurationIsVisible = 0;
			defaultConfigurationName = Release;
		};
		5068030227C99E1000A2708D /* Build configuration list for PBXNativeTarget "flix" */ = {
			isa = XCConfigurationList;
			buildConfigurations = (
				5068030327C99E1000A2708D /* Debug */,
				5068030427C99E1000A2708D /* Release */,
			);
			defaultConfigurationIsVisible = 0;
			defaultConfigurationName = Release;
		};
		5068030527C99E1000A2708D /* Build configuration list for PBXNativeTarget "flixTests" */ = {
			isa = XCConfigurationList;
			buildConfigurations = (
				5068030627C99E1000A2708D /* Debug */,
				5068030727C99E1000A2708D /* Release */,
			);
			defaultConfigurationIsVisible = 0;
			defaultConfigurationName = Release;
		};
		5068030827C99E1000A2708D /* Build configuration list for PBXNativeTarget "flixUITests" */ = {
			isa = XCConfigurationList;
			buildConfigurations = (
				5068030927C99E1000A2708D /* Debug */,
				5068030A27C99E1000A2708D /* Release */,
			);
			defaultConfigurationIsVisible = 0;
			defaultConfigurationName = Release;
		};
/* End XCConfigurationList section */
	};
	rootObject = 506802D027C99E0F00A2708D /* Project object */;
}
