// !$*UTF8*$!
{
	archiveVersion = 1;
	classes = {
	};
	objectVersion = 55;
	objects = {

/* Begin PBXBuildFile section */
		2A4586E2D443EB50E63F2056 /* Pods_instagramTests.framework in Frameworks */ = {isa = PBXBuildFile; fileRef = 6E6867A74D2D6CF42D73A435 /* Pods_instagramTests.framework */; };
		30A11091F53659B3913A07A9 /* Pods_instagram.framework in Frameworks */ = {isa = PBXBuildFile; fileRef = 0E843A317E491DDEBFBBB5C6 /* Pods_instagram.framework */; };
		5052D61227EE4EB500F17739 /* AppDelegate.swift in Sources */ = {isa = PBXBuildFile; fileRef = 5052D61127EE4EB500F17739 /* AppDelegate.swift */; };
		5052D61427EE4EB500F17739 /* SceneDelegate.swift in Sources */ = {isa = PBXBuildFile; fileRef = 5052D61327EE4EB500F17739 /* SceneDelegate.swift */; };
		5052D61627EE4EB500F17739 /* ViewController.swift in Sources */ = {isa = PBXBuildFile; fileRef = 5052D61527EE4EB500F17739 /* ViewController.swift */; };
		5052D61927EE4EB500F17739 /* Main.storyboard in Resources */ = {isa = PBXBuildFile; fileRef = 5052D61727EE4EB500F17739 /* Main.storyboard */; };
		5052D61B27EE4EB600F17739 /* Assets.xcassets in Resources */ = {isa = PBXBuildFile; fileRef = 5052D61A27EE4EB600F17739 /* Assets.xcassets */; };
		5052D61E27EE4EB600F17739 /* LaunchScreen.storyboard in Resources */ = {isa = PBXBuildFile; fileRef = 5052D61C27EE4EB600F17739 /* LaunchScreen.storyboard */; };
		5052D62927EE4EB600F17739 /* instagramTests.swift in Sources */ = {isa = PBXBuildFile; fileRef = 5052D62827EE4EB600F17739 /* instagramTests.swift */; };
		5052D63327EE4EB600F17739 /* instagramUITests.swift in Sources */ = {isa = PBXBuildFile; fileRef = 5052D63227EE4EB600F17739 /* instagramUITests.swift */; };
		5052D63527EE4EB600F17739 /* instagramUITestsLaunchTests.swift in Sources */ = {isa = PBXBuildFile; fileRef = 5052D63427EE4EB600F17739 /* instagramUITestsLaunchTests.swift */; };
		5094E0FC27EE7334002229DE /* LoginViewController.swift in Sources */ = {isa = PBXBuildFile; fileRef = 5094E0FB27EE7334002229DE /* LoginViewController.swift */; };
		5094E0FE27EE734D002229DE /* FeedViewController.swift in Sources */ = {isa = PBXBuildFile; fileRef = 5094E0FD27EE734D002229DE /* FeedViewController.swift */; };
		50B1850A27F5B2020052598A /* CommentCell.swift in Sources */ = {isa = PBXBuildFile; fileRef = 50B1850927F5B2010052598A /* CommentCell.swift */; };
		50E3FC6827EED1C300D0F21B /* CameraViewController.swift in Sources */ = {isa = PBXBuildFile; fileRef = 50E3FC6727EED1C300D0F21B /* CameraViewController.swift */; };
		50E3FC6A27EEDC0000D0F21B /* PostCell.swift in Sources */ = {isa = PBXBuildFile; fileRef = 50E3FC6927EEDC0000D0F21B /* PostCell.swift */; };
		D9D3592B0CC63476E4444CA4 /* Pods_instagram_instagramUITests.framework in Frameworks */ = {isa = PBXBuildFile; fileRef = 583F0F8432C45037572A594B /* Pods_instagram_instagramUITests.framework */; };
/* End PBXBuildFile section */

/* Begin PBXContainerItemProxy section */
		5052D62527EE4EB600F17739 /* PBXContainerItemProxy */ = {
			isa = PBXContainerItemProxy;
			containerPortal = 5052D60627EE4EB500F17739 /* Project object */;
			proxyType = 1;
			remoteGlobalIDString = 5052D60D27EE4EB500F17739;
			remoteInfo = instagram;
		};
		5052D62F27EE4EB600F17739 /* PBXContainerItemProxy */ = {
			isa = PBXContainerItemProxy;
			containerPortal = 5052D60627EE4EB500F17739 /* Project object */;
			proxyType = 1;
			remoteGlobalIDString = 5052D60D27EE4EB500F17739;
			remoteInfo = instagram;
		};
/* End PBXContainerItemProxy section */

/* Begin PBXFileReference section */
		0E843A317E491DDEBFBBB5C6 /* Pods_instagram.framework */ = {isa = PBXFileReference; explicitFileType = wrapper.framework; includeInIndex = 0; path = Pods_instagram.framework; sourceTree = BUILT_PRODUCTS_DIR; };
		4B88C3FB205F185665D56CC1 /* Pods-instagram.debug.xcconfig */ = {isa = PBXFileReference; includeInIndex = 1; lastKnownFileType = text.xcconfig; name = "Pods-instagram.debug.xcconfig"; path = "Target Support Files/Pods-instagram/Pods-instagram.debug.xcconfig"; sourceTree = "<group>"; };
		5052D60E27EE4EB500F17739 /* instagram.app */ = {isa = PBXFileReference; explicitFileType = wrapper.application; includeInIndex = 0; path = instagram.app; sourceTree = BUILT_PRODUCTS_DIR; };
		5052D61127EE4EB500F17739 /* AppDelegate.swift */ = {isa = PBXFileReference; lastKnownFileType = sourcecode.swift; path = AppDelegate.swift; sourceTree = "<group>"; };
		5052D61327EE4EB500F17739 /* SceneDelegate.swift */ = {isa = PBXFileReference; lastKnownFileType = sourcecode.swift; path = SceneDelegate.swift; sourceTree = "<group>"; };
		5052D61527EE4EB500F17739 /* ViewController.swift */ = {isa = PBXFileReference; lastKnownFileType = sourcecode.swift; path = ViewController.swift; sourceTree = "<group>"; };
		5052D61827EE4EB500F17739 /* Base */ = {isa = PBXFileReference; lastKnownFileType = file.storyboard; name = Base; path = Base.lproj/Main.storyboard; sourceTree = "<group>"; };
		5052D61A27EE4EB600F17739 /* Assets.xcassets */ = {isa = PBXFileReference; lastKnownFileType = folder.assetcatalog; path = Assets.xcassets; sourceTree = "<group>"; };
		5052D61D27EE4EB600F17739 /* Base */ = {isa = PBXFileReference; lastKnownFileType = file.storyboard; name = Base; path = Base.lproj/LaunchScreen.storyboard; sourceTree = "<group>"; };
		5052D61F27EE4EB600F17739 /* Info.plist */ = {isa = PBXFileReference; lastKnownFileType = text.plist.xml; path = Info.plist; sourceTree = "<group>"; };
		5052D62427EE4EB600F17739 /* instagramTests.xctest */ = {isa = PBXFileReference; explicitFileType = wrapper.cfbundle; includeInIndex = 0; path = instagramTests.xctest; sourceTree = BUILT_PRODUCTS_DIR; };
		5052D62827EE4EB600F17739 /* instagramTests.swift */ = {isa = PBXFileReference; lastKnownFileType = sourcecode.swift; path = instagramTests.swift; sourceTree = "<group>"; };
		5052D62E27EE4EB600F17739 /* instagramUITests.xctest */ = {isa = PBXFileReference; explicitFileType = wrapper.cfbundle; includeInIndex = 0; path = instagramUITests.xctest; sourceTree = BUILT_PRODUCTS_DIR; };
		5052D63227EE4EB600F17739 /* instagramUITests.swift */ = {isa = PBXFileReference; lastKnownFileType = sourcecode.swift; path = instagramUITests.swift; sourceTree = "<group>"; };
		5052D63427EE4EB600F17739 /* instagramUITestsLaunchTests.swift */ = {isa = PBXFileReference; lastKnownFileType = sourcecode.swift; path = instagramUITestsLaunchTests.swift; sourceTree = "<group>"; };
		5094E0FB27EE7334002229DE /* LoginViewController.swift */ = {isa = PBXFileReference; lastKnownFileType = sourcecode.swift; path = LoginViewController.swift; sourceTree = "<group>"; };
		5094E0FD27EE734D002229DE /* FeedViewController.swift */ = {isa = PBXFileReference; lastKnownFileType = sourcecode.swift; path = FeedViewController.swift; sourceTree = "<group>"; };
		50B1850927F5B2010052598A /* CommentCell.swift */ = {isa = PBXFileReference; lastKnownFileType = sourcecode.swift; path = CommentCell.swift; sourceTree = "<group>"; };
		50E3FC6727EED1C300D0F21B /* CameraViewController.swift */ = {isa = PBXFileReference; lastKnownFileType = sourcecode.swift; path = CameraViewController.swift; sourceTree = "<group>"; };
		50E3FC6927EEDC0000D0F21B /* PostCell.swift */ = {isa = PBXFileReference; lastKnownFileType = sourcecode.swift; path = PostCell.swift; sourceTree = "<group>"; };
		583F0F8432C45037572A594B /* Pods_instagram_instagramUITests.framework */ = {isa = PBXFileReference; explicitFileType = wrapper.framework; includeInIndex = 0; path = Pods_instagram_instagramUITests.framework; sourceTree = BUILT_PRODUCTS_DIR; };
		5C022D1DF8EC6EB937F607F9 /* Pods-instagramTests.release.xcconfig */ = {isa = PBXFileReference; includeInIndex = 1; lastKnownFileType = text.xcconfig; name = "Pods-instagramTests.release.xcconfig"; path = "Target Support Files/Pods-instagramTests/Pods-instagramTests.release.xcconfig"; sourceTree = "<group>"; };
		6E6867A74D2D6CF42D73A435 /* Pods_instagramTests.framework */ = {isa = PBXFileReference; explicitFileType = wrapper.framework; includeInIndex = 0; path = Pods_instagramTests.framework; sourceTree = BUILT_PRODUCTS_DIR; };
		7DF2F95641B3C9DDBE9A5FD7 /* Pods-instagram-instagramUITests.debug.xcconfig */ = {isa = PBXFileReference; includeInIndex = 1; lastKnownFileType = text.xcconfig; name = "Pods-instagram-instagramUITests.debug.xcconfig"; path = "Target Support Files/Pods-instagram-instagramUITests/Pods-instagram-instagramUITests.debug.xcconfig"; sourceTree = "<group>"; };
		8728E3DB8CB061E789F2097C /* Pods-instagram.release.xcconfig */ = {isa = PBXFileReference; includeInIndex = 1; lastKnownFileType = text.xcconfig; name = "Pods-instagram.release.xcconfig"; path = "Target Support Files/Pods-instagram/Pods-instagram.release.xcconfig"; sourceTree = "<group>"; };
		9102F7B876E84ACCEDB69062 /* Pods-instagram-instagramUITests.release.xcconfig */ = {isa = PBXFileReference; includeInIndex = 1; lastKnownFileType = text.xcconfig; name = "Pods-instagram-instagramUITests.release.xcconfig"; path = "Target Support Files/Pods-instagram-instagramUITests/Pods-instagram-instagramUITests.release.xcconfig"; sourceTree = "<group>"; };
		AE8004BE55D0D012DAD6782D /* Pods-instagramTests.debug.xcconfig */ = {isa = PBXFileReference; includeInIndex = 1; lastKnownFileType = text.xcconfig; name = "Pods-instagramTests.debug.xcconfig"; path = "Target Support Files/Pods-instagramTests/Pods-instagramTests.debug.xcconfig"; sourceTree = "<group>"; };
/* End PBXFileReference section */

/* Begin PBXFrameworksBuildPhase section */
		5052D60B27EE4EB500F17739 /* Frameworks */ = {
			isa = PBXFrameworksBuildPhase;
			buildActionMask = 2147483647;
			files = (
				30A11091F53659B3913A07A9 /* Pods_instagram.framework in Frameworks */,
			);
			runOnlyForDeploymentPostprocessing = 0;
		};
		5052D62127EE4EB600F17739 /* Frameworks */ = {
			isa = PBXFrameworksBuildPhase;
			buildActionMask = 2147483647;
			files = (
				2A4586E2D443EB50E63F2056 /* Pods_instagramTests.framework in Frameworks */,
			);
			runOnlyForDeploymentPostprocessing = 0;
		};
		5052D62B27EE4EB600F17739 /* Frameworks */ = {
			isa = PBXFrameworksBuildPhase;
			buildActionMask = 2147483647;
			files = (
				D9D3592B0CC63476E4444CA4 /* Pods_instagram_instagramUITests.framework in Frameworks */,
			);
			runOnlyForDeploymentPostprocessing = 0;
		};
/* End PBXFrameworksBuildPhase section */

/* Begin PBXGroup section */
		5052D60527EE4EB500F17739 = {
			isa = PBXGroup;
			children = (
				5052D61027EE4EB500F17739 /* instagram */,
				5052D62727EE4EB600F17739 /* instagramTests */,
				5052D63127EE4EB600F17739 /* instagramUITests */,
				5052D60F27EE4EB500F17739 /* Products */,
				97B188057D7C20D685ED3257 /* Pods */,
				FB076657665761854A40B6EE /* Frameworks */,
			);
			sourceTree = "<group>";
		};
		5052D60F27EE4EB500F17739 /* Products */ = {
			isa = PBXGroup;
			children = (
				5052D60E27EE4EB500F17739 /* instagram.app */,
				5052D62427EE4EB600F17739 /* instagramTests.xctest */,
				5052D62E27EE4EB600F17739 /* instagramUITests.xctest */,
			);
			name = Products;
			sourceTree = "<group>";
		};
		5052D61027EE4EB500F17739 /* instagram */ = {
			isa = PBXGroup;
			children = (
				5052D61127EE4EB500F17739 /* AppDelegate.swift */,
				5052D61327EE4EB500F17739 /* SceneDelegate.swift */,
				5052D61527EE4EB500F17739 /* ViewController.swift */,
				5052D61727EE4EB500F17739 /* Main.storyboard */,
				5052D61A27EE4EB600F17739 /* Assets.xcassets */,
				5052D61C27EE4EB600F17739 /* LaunchScreen.storyboard */,
				5052D61F27EE4EB600F17739 /* Info.plist */,
				5094E0FB27EE7334002229DE /* LoginViewController.swift */,
				5094E0FD27EE734D002229DE /* FeedViewController.swift */,
				50E3FC6727EED1C300D0F21B /* CameraViewController.swift */,
				50E3FC6927EEDC0000D0F21B /* PostCell.swift */,
				50B1850927F5B2010052598A /* CommentCell.swift */,
			);
			path = instagram;
			sourceTree = "<group>";
		};
		5052D62727EE4EB600F17739 /* instagramTests */ = {
			isa = PBXGroup;
			children = (
				5052D62827EE4EB600F17739 /* instagramTests.swift */,
			);
			path = instagramTests;
			sourceTree = "<group>";
		};
		5052D63127EE4EB600F17739 /* instagramUITests */ = {
			isa = PBXGroup;
			children = (
				5052D63227EE4EB600F17739 /* instagramUITests.swift */,
				5052D63427EE4EB600F17739 /* instagramUITestsLaunchTests.swift */,
			);
			path = instagramUITests;
			sourceTree = "<group>";
		};
		97B188057D7C20D685ED3257 /* Pods */ = {
			isa = PBXGroup;
			children = (
				4B88C3FB205F185665D56CC1 /* Pods-instagram.debug.xcconfig */,
				8728E3DB8CB061E789F2097C /* Pods-instagram.release.xcconfig */,
				7DF2F95641B3C9DDBE9A5FD7 /* Pods-instagram-instagramUITests.debug.xcconfig */,
				9102F7B876E84ACCEDB69062 /* Pods-instagram-instagramUITests.release.xcconfig */,
				AE8004BE55D0D012DAD6782D /* Pods-instagramTests.debug.xcconfig */,
				5C022D1DF8EC6EB937F607F9 /* Pods-instagramTests.release.xcconfig */,
			);
			path = Pods;
			sourceTree = "<group>";
		};
		FB076657665761854A40B6EE /* Frameworks */ = {
			isa = PBXGroup;
			children = (
				0E843A317E491DDEBFBBB5C6 /* Pods_instagram.framework */,
				583F0F8432C45037572A594B /* Pods_instagram_instagramUITests.framework */,
				6E6867A74D2D6CF42D73A435 /* Pods_instagramTests.framework */,
			);
			name = Frameworks;
			sourceTree = "<group>";
		};
/* End PBXGroup section */

/* Begin PBXNativeTarget section */
		5052D60D27EE4EB500F17739 /* instagram */ = {
			isa = PBXNativeTarget;
			buildConfigurationList = 5052D63827EE4EB600F17739 /* Build configuration list for PBXNativeTarget "instagram" */;
			buildPhases = (
				3D2A5998FA2DD163D784BADC /* [CP] Check Pods Manifest.lock */,
				5052D60A27EE4EB500F17739 /* Sources */,
				5052D60B27EE4EB500F17739 /* Frameworks */,
				5052D60C27EE4EB500F17739 /* Resources */,
				4E2AC0E00B7524DE5DA24C8E /* [CP] Embed Pods Frameworks */,
			);
			buildRules = (
			);
			dependencies = (
			);
			name = instagram;
			productName = instagram;
			productReference = 5052D60E27EE4EB500F17739 /* instagram.app */;
			productType = "com.apple.product-type.application";
		};
		5052D62327EE4EB600F17739 /* instagramTests */ = {
			isa = PBXNativeTarget;
			buildConfigurationList = 5052D63B27EE4EB600F17739 /* Build configuration list for PBXNativeTarget "instagramTests" */;
			buildPhases = (
				FEFBCAEB558C71DD73518D83 /* [CP] Check Pods Manifest.lock */,
				5052D62027EE4EB600F17739 /* Sources */,
				5052D62127EE4EB600F17739 /* Frameworks */,
				5052D62227EE4EB600F17739 /* Resources */,
			);
			buildRules = (
			);
			dependencies = (
				5052D62627EE4EB600F17739 /* PBXTargetDependency */,
			);
			name = instagramTests;
			productName = instagramTests;
			productReference = 5052D62427EE4EB600F17739 /* instagramTests.xctest */;
			productType = "com.apple.product-type.bundle.unit-test";
		};
		5052D62D27EE4EB600F17739 /* instagramUITests */ = {
			isa = PBXNativeTarget;
			buildConfigurationList = 5052D63E27EE4EB600F17739 /* Build configuration list for PBXNativeTarget "instagramUITests" */;
			buildPhases = (
				8CF161C6EAB4D044FD421AAB /* [CP] Check Pods Manifest.lock */,
				5052D62A27EE4EB600F17739 /* Sources */,
				5052D62B27EE4EB600F17739 /* Frameworks */,
				5052D62C27EE4EB600F17739 /* Resources */,
				F73443FBF40798BB166A04FF /* [CP] Embed Pods Frameworks */,
			);
			buildRules = (
			);
			dependencies = (
				5052D63027EE4EB600F17739 /* PBXTargetDependency */,
			);
			name = instagramUITests;
			productName = instagramUITests;
			productReference = 5052D62E27EE4EB600F17739 /* instagramUITests.xctest */;
			productType = "com.apple.product-type.bundle.ui-testing";
		};
/* End PBXNativeTarget section */

/* Begin PBXProject section */
		5052D60627EE4EB500F17739 /* Project object */ = {
			isa = PBXProject;
			attributes = {
				BuildIndependentTargetsInParallel = 1;
				LastSwiftUpdateCheck = 1320;
				LastUpgradeCheck = 1320;
				TargetAttributes = {
					5052D60D27EE4EB500F17739 = {
						CreatedOnToolsVersion = 13.2.1;
					};
					5052D62327EE4EB600F17739 = {
						CreatedOnToolsVersion = 13.2.1;
						TestTargetID = 5052D60D27EE4EB500F17739;
					};
					5052D62D27EE4EB600F17739 = {
						CreatedOnToolsVersion = 13.2.1;
						TestTargetID = 5052D60D27EE4EB500F17739;
					};
				};
			};
			buildConfigurationList = 5052D60927EE4EB500F17739 /* Build configuration list for PBXProject "instagram" */;
			compatibilityVersion = "Xcode 13.0";
			developmentRegion = en;
			hasScannedForEncodings = 0;
			knownRegions = (
				en,
				Base,
			);
			mainGroup = 5052D60527EE4EB500F17739;
			productRefGroup = 5052D60F27EE4EB500F17739 /* Products */;
			projectDirPath = "";
			projectRoot = "";
			targets = (
				5052D60D27EE4EB500F17739 /* instagram */,
				5052D62327EE4EB600F17739 /* instagramTests */,
				5052D62D27EE4EB600F17739 /* instagramUITests */,
			);
		};
/* End PBXProject section */

/* Begin PBXResourcesBuildPhase section */
		5052D60C27EE4EB500F17739 /* Resources */ = {
			isa = PBXResourcesBuildPhase;
			buildActionMask = 2147483647;
			files = (
				5052D61E27EE4EB600F17739 /* LaunchScreen.storyboard in Resources */,
				5052D61B27EE4EB600F17739 /* Assets.xcassets in Resources */,
				5052D61927EE4EB500F17739 /* Main.storyboard in Resources */,
			);
			runOnlyForDeploymentPostprocessing = 0;
		};
		5052D62227EE4EB600F17739 /* Resources */ = {
			isa = PBXResourcesBuildPhase;
			buildActionMask = 2147483647;
			files = (
			);
			runOnlyForDeploymentPostprocessing = 0;
		};
		5052D62C27EE4EB600F17739 /* Resources */ = {
			isa = PBXResourcesBuildPhase;
			buildActionMask = 2147483647;
			files = (
			);
			runOnlyForDeploymentPostprocessing = 0;
		};
/* End PBXResourcesBuildPhase section */

/* Begin PBXShellScriptBuildPhase section */
		3D2A5998FA2DD163D784BADC /* [CP] Check Pods Manifest.lock */ = {
			isa = PBXShellScriptBuildPhase;
			buildActionMask = 2147483647;
			files = (
			);
			inputFileListPaths = (
			);
			inputPaths = (
				"${PODS_PODFILE_DIR_PATH}/Podfile.lock",
				"${PODS_ROOT}/Manifest.lock",
			);
			name = "[CP] Check Pods Manifest.lock";
			outputFileListPaths = (
			);
			outputPaths = (
				"$(DERIVED_FILE_DIR)/Pods-instagram-checkManifestLockResult.txt",
			);
			runOnlyForDeploymentPostprocessing = 0;
			shellPath = /bin/sh;
			shellScript = "diff \"${PODS_PODFILE_DIR_PATH}/Podfile.lock\" \"${PODS_ROOT}/Manifest.lock\" > /dev/null\nif [ $? != 0 ] ; then\n    # print error to STDERR\n    echo \"error: The sandbox is not in sync with the Podfile.lock. Run 'pod install' or update your CocoaPods installation.\" >&2\n    exit 1\nfi\n# This output is used by Xcode 'outputs' to avoid re-running this script phase.\necho \"SUCCESS\" > \"${SCRIPT_OUTPUT_FILE_0}\"\n";
			showEnvVarsInLog = 0;
		};
		4E2AC0E00B7524DE5DA24C8E /* [CP] Embed Pods Frameworks */ = {
			isa = PBXShellScriptBuildPhase;
			buildActionMask = 2147483647;
			files = (
			);
			inputFileListPaths = (
				"${PODS_ROOT}/Target Support Files/Pods-instagram/Pods-instagram-frameworks-${CONFIGURATION}-input-files.xcfilelist",
			);
			name = "[CP] Embed Pods Frameworks";
			outputFileListPaths = (
				"${PODS_ROOT}/Target Support Files/Pods-instagram/Pods-instagram-frameworks-${CONFIGURATION}-output-files.xcfilelist",
			);
			runOnlyForDeploymentPostprocessing = 0;
			shellPath = /bin/sh;
			shellScript = "\"${PODS_ROOT}/Target Support Files/Pods-instagram/Pods-instagram-frameworks.sh\"\n";
			showEnvVarsInLog = 0;
		};
		8CF161C6EAB4D044FD421AAB /* [CP] Check Pods Manifest.lock */ = {
			isa = PBXShellScriptBuildPhase;
			buildActionMask = 2147483647;
			files = (
			);
			inputFileListPaths = (
			);
			inputPaths = (
				"${PODS_PODFILE_DIR_PATH}/Podfile.lock",
				"${PODS_ROOT}/Manifest.lock",
			);
			name = "[CP] Check Pods Manifest.lock";
			outputFileListPaths = (
			);
			outputPaths = (
				"$(DERIVED_FILE_DIR)/Pods-instagram-instagramUITests-checkManifestLockResult.txt",
			);
			runOnlyForDeploymentPostprocessing = 0;
			shellPath = /bin/sh;
			shellScript = "diff \"${PODS_PODFILE_DIR_PATH}/Podfile.lock\" \"${PODS_ROOT}/Manifest.lock\" > /dev/null\nif [ $? != 0 ] ; then\n    # print error to STDERR\n    echo \"error: The sandbox is not in sync with the Podfile.lock. Run 'pod install' or update your CocoaPods installation.\" >&2\n    exit 1\nfi\n# This output is used by Xcode 'outputs' to avoid re-running this script phase.\necho \"SUCCESS\" > \"${SCRIPT_OUTPUT_FILE_0}\"\n";
			showEnvVarsInLog = 0;
		};
		F73443FBF40798BB166A04FF /* [CP] Embed Pods Frameworks */ = {
			isa = PBXShellScriptBuildPhase;
			buildActionMask = 2147483647;
			files = (
			);
			inputFileListPaths = (
				"${PODS_ROOT}/Target Support Files/Pods-instagram-instagramUITests/Pods-instagram-instagramUITests-frameworks-${CONFIGURATION}-input-files.xcfilelist",
			);
			name = "[CP] Embed Pods Frameworks";
			outputFileListPaths = (
				"${PODS_ROOT}/Target Support Files/Pods-instagram-instagramUITests/Pods-instagram-instagramUITests-frameworks-${CONFIGURATION}-output-files.xcfilelist",
			);
			runOnlyForDeploymentPostprocessing = 0;
			shellPath = /bin/sh;
			shellScript = "\"${PODS_ROOT}/Target Support Files/Pods-instagram-instagramUITests/Pods-instagram-instagramUITests-frameworks.sh\"\n";
			showEnvVarsInLog = 0;
		};
		FEFBCAEB558C71DD73518D83 /* [CP] Check Pods Manifest.lock */ = {
			isa = PBXShellScriptBuildPhase;
			buildActionMask = 2147483647;
			files = (
			);
			inputFileListPaths = (
			);
			inputPaths = (
				"${PODS_PODFILE_DIR_PATH}/Podfile.lock",
				"${PODS_ROOT}/Manifest.lock",
			);
			name = "[CP] Check Pods Manifest.lock";
			outputFileListPaths = (
			);
			outputPaths = (
				"$(DERIVED_FILE_DIR)/Pods-instagramTests-checkManifestLockResult.txt",
			);
			runOnlyForDeploymentPostprocessing = 0;
			shellPath = /bin/sh;
			shellScript = "diff \"${PODS_PODFILE_DIR_PATH}/Podfile.lock\" \"${PODS_ROOT}/Manifest.lock\" > /dev/null\nif [ $? != 0 ] ; then\n    # print error to STDERR\n    echo \"error: The sandbox is not in sync with the Podfile.lock. Run 'pod install' or update your CocoaPods installation.\" >&2\n    exit 1\nfi\n# This output is used by Xcode 'outputs' to avoid re-running this script phase.\necho \"SUCCESS\" > \"${SCRIPT_OUTPUT_FILE_0}\"\n";
			showEnvVarsInLog = 0;
		};
/* End PBXShellScriptBuildPhase section */

/* Begin PBXSourcesBuildPhase section */
		5052D60A27EE4EB500F17739 /* Sources */ = {
			isa = PBXSourcesBuildPhase;
			buildActionMask = 2147483647;
			files = (
				50E3FC6A27EEDC0000D0F21B /* PostCell.swift in Sources */,
				5094E0FC27EE7334002229DE /* LoginViewController.swift in Sources */,
				5052D61627EE4EB500F17739 /* ViewController.swift in Sources */,
				5094E0FE27EE734D002229DE /* FeedViewController.swift in Sources */,
				5052D61227EE4EB500F17739 /* AppDelegate.swift in Sources */,
				5052D61427EE4EB500F17739 /* SceneDelegate.swift in Sources */,
				50E3FC6827EED1C300D0F21B /* CameraViewController.swift in Sources */,
				50B1850A27F5B2020052598A /* CommentCell.swift in Sources */,
			);
			runOnlyForDeploymentPostprocessing = 0;
		};
		5052D62027EE4EB600F17739 /* Sources */ = {
			isa = PBXSourcesBuildPhase;
			buildActionMask = 2147483647;
			files = (
				5052D62927EE4EB600F17739 /* instagramTests.swift in Sources */,
			);
			runOnlyForDeploymentPostprocessing = 0;
		};
		5052D62A27EE4EB600F17739 /* Sources */ = {
			isa = PBXSourcesBuildPhase;
			buildActionMask = 2147483647;
			files = (
				5052D63327EE4EB600F17739 /* instagramUITests.swift in Sources */,
				5052D63527EE4EB600F17739 /* instagramUITestsLaunchTests.swift in Sources */,
			);
			runOnlyForDeploymentPostprocessing = 0;
		};
/* End PBXSourcesBuildPhase section */

/* Begin PBXTargetDependency section */
		5052D62627EE4EB600F17739 /* PBXTargetDependency */ = {
			isa = PBXTargetDependency;
			target = 5052D60D27EE4EB500F17739 /* instagram */;
			targetProxy = 5052D62527EE4EB600F17739 /* PBXContainerItemProxy */;
		};
		5052D63027EE4EB600F17739 /* PBXTargetDependency */ = {
			isa = PBXTargetDependency;
			target = 5052D60D27EE4EB500F17739 /* instagram */;
			targetProxy = 5052D62F27EE4EB600F17739 /* PBXContainerItemProxy */;
		};
/* End PBXTargetDependency section */

/* Begin PBXVariantGroup section */
		5052D61727EE4EB500F17739 /* Main.storyboard */ = {
			isa = PBXVariantGroup;
			children = (
				5052D61827EE4EB500F17739 /* Base */,
			);
			name = Main.storyboard;
			sourceTree = "<group>";
		};
		5052D61C27EE4EB600F17739 /* LaunchScreen.storyboard */ = {
			isa = PBXVariantGroup;
			children = (
				5052D61D27EE4EB600F17739 /* Base */,
			);
			name = LaunchScreen.storyboard;
			sourceTree = "<group>";
		};
/* End PBXVariantGroup section */

/* Begin XCBuildConfiguration section */
		5052D63627EE4EB600F17739 /* Debug */ = {
			isa = XCBuildConfiguration;
			buildSettings = {
				ALWAYS_SEARCH_USER_PATHS = NO;
				CLANG_ANALYZER_NONNULL = YES;
				CLANG_ANALYZER_NUMBER_OBJECT_CONVERSION = YES_AGGRESSIVE;
				CLANG_CXX_LANGUAGE_STANDARD = "gnu++17";
				CLANG_CXX_LIBRARY = "libc++";
				CLANG_ENABLE_MODULES = YES;
				CLANG_ENABLE_OBJC_ARC = YES;
				CLANG_ENABLE_OBJC_WEAK = YES;
				CLANG_WARN_BLOCK_CAPTURE_AUTORELEASING = YES;
				CLANG_WARN_BOOL_CONVERSION = YES;
				CLANG_WARN_COMMA = YES;
				CLANG_WARN_CONSTANT_CONVERSION = YES;
				CLANG_WARN_DEPRECATED_OBJC_IMPLEMENTATIONS = YES;
				CLANG_WARN_DIRECT_OBJC_ISA_USAGE = YES_ERROR;
				CLANG_WARN_DOCUMENTATION_COMMENTS = YES;
				CLANG_WARN_EMPTY_BODY = YES;
				CLANG_WARN_ENUM_CONVERSION = YES;
				CLANG_WARN_INFINITE_RECURSION = YES;
				CLANG_WARN_INT_CONVERSION = YES;
				CLANG_WARN_NON_LITERAL_NULL_CONVERSION = YES;
				CLANG_WARN_OBJC_IMPLICIT_RETAIN_SELF = YES;
				CLANG_WARN_OBJC_LITERAL_CONVERSION = YES;
				CLANG_WARN_OBJC_ROOT_CLASS = YES_ERROR;
				CLANG_WARN_QUOTED_INCLUDE_IN_FRAMEWORK_HEADER = YES;
				CLANG_WARN_RANGE_LOOP_ANALYSIS = YES;
				CLANG_WARN_STRICT_PROTOTYPES = YES;
				CLANG_WARN_SUSPICIOUS_MOVE = YES;
				CLANG_WARN_UNGUARDED_AVAILABILITY = YES_AGGRESSIVE;
				CLANG_WARN_UNREACHABLE_CODE = YES;
				CLANG_WARN__DUPLICATE_METHOD_MATCH = YES;
				COPY_PHASE_STRIP = NO;
				DEBUG_INFORMATION_FORMAT = dwarf;
				ENABLE_STRICT_OBJC_MSGSEND = YES;
				ENABLE_TESTABILITY = YES;
				GCC_C_LANGUAGE_STANDARD = gnu11;
				GCC_DYNAMIC_NO_PIC = NO;
				GCC_NO_COMMON_BLOCKS = YES;
				GCC_OPTIMIZATION_LEVEL = 0;
				GCC_PREPROCESSOR_DEFINITIONS = (
					"DEBUG=1",
					"$(inherited)",
				);
				GCC_WARN_64_TO_32_BIT_CONVERSION = YES;
				GCC_WARN_ABOUT_RETURN_TYPE = YES_ERROR;
				GCC_WARN_UNDECLARED_SELECTOR = YES;
				GCC_WARN_UNINITIALIZED_AUTOS = YES_AGGRESSIVE;
				GCC_WARN_UNUSED_FUNCTION = YES;
				GCC_WARN_UNUSED_VARIABLE = YES;
				IPHONEOS_DEPLOYMENT_TARGET = 15.2;
				MTL_ENABLE_DEBUG_INFO = INCLUDE_SOURCE;
				MTL_FAST_MATH = YES;
				ONLY_ACTIVE_ARCH = YES;
				SDKROOT = iphoneos;
				SWIFT_ACTIVE_COMPILATION_CONDITIONS = DEBUG;
				SWIFT_OPTIMIZATION_LEVEL = "-Onone";
			};
			name = Debug;
		};
		5052D63727EE4EB600F17739 /* Release */ = {
			isa = XCBuildConfiguration;
			buildSettings = {
				ALWAYS_SEARCH_USER_PATHS = NO;
				CLANG_ANALYZER_NONNULL = YES;
				CLANG_ANALYZER_NUMBER_OBJECT_CONVERSION = YES_AGGRESSIVE;
				CLANG_CXX_LANGUAGE_STANDARD = "gnu++17";
				CLANG_CXX_LIBRARY = "libc++";
				CLANG_ENABLE_MODULES = YES;
				CLANG_ENABLE_OBJC_ARC = YES;
				CLANG_ENABLE_OBJC_WEAK = YES;
				CLANG_WARN_BLOCK_CAPTURE_AUTORELEASING = YES;
				CLANG_WARN_BOOL_CONVERSION = YES;
				CLANG_WARN_COMMA = YES;
				CLANG_WARN_CONSTANT_CONVERSION = YES;
				CLANG_WARN_DEPRECATED_OBJC_IMPLEMENTATIONS = YES;
				CLANG_WARN_DIRECT_OBJC_ISA_USAGE = YES_ERROR;
				CLANG_WARN_DOCUMENTATION_COMMENTS = YES;
				CLANG_WARN_EMPTY_BODY = YES;
				CLANG_WARN_ENUM_CONVERSION = YES;
				CLANG_WARN_INFINITE_RECURSION = YES;
				CLANG_WARN_INT_CONVERSION = YES;
				CLANG_WARN_NON_LITERAL_NULL_CONVERSION = YES;
				CLANG_WARN_OBJC_IMPLICIT_RETAIN_SELF = YES;
				CLANG_WARN_OBJC_LITERAL_CONVERSION = YES;
				CLANG_WARN_OBJC_ROOT_CLASS = YES_ERROR;
				CLANG_WARN_QUOTED_INCLUDE_IN_FRAMEWORK_HEADER = YES;
				CLANG_WARN_RANGE_LOOP_ANALYSIS = YES;
				CLANG_WARN_STRICT_PROTOTYPES = YES;
				CLANG_WARN_SUSPICIOUS_MOVE = YES;
				CLANG_WARN_UNGUARDED_AVAILABILITY = YES_AGGRESSIVE;
				CLANG_WARN_UNREACHABLE_CODE = YES;
				CLANG_WARN__DUPLICATE_METHOD_MATCH = YES;
				COPY_PHASE_STRIP = NO;
				DEBUG_INFORMATION_FORMAT = "dwarf-with-dsym";
				ENABLE_NS_ASSERTIONS = NO;
				ENABLE_STRICT_OBJC_MSGSEND = YES;
				GCC_C_LANGUAGE_STANDARD = gnu11;
				GCC_NO_COMMON_BLOCKS = YES;
				GCC_WARN_64_TO_32_BIT_CONVERSION = YES;
				GCC_WARN_ABOUT_RETURN_TYPE = YES_ERROR;
				GCC_WARN_UNDECLARED_SELECTOR = YES;
				GCC_WARN_UNINITIALIZED_AUTOS = YES_AGGRESSIVE;
				GCC_WARN_UNUSED_FUNCTION = YES;
				GCC_WARN_UNUSED_VARIABLE = YES;
				IPHONEOS_DEPLOYMENT_TARGET = 15.2;
				MTL_ENABLE_DEBUG_INFO = NO;
				MTL_FAST_MATH = YES;
				SDKROOT = iphoneos;
				SWIFT_COMPILATION_MODE = wholemodule;
				SWIFT_OPTIMIZATION_LEVEL = "-O";
				VALIDATE_PRODUCT = YES;
			};
			name = Release;
		};
		5052D63927EE4EB600F17739 /* Debug */ = {
			isa = XCBuildConfiguration;
			baseConfigurationReference = 4B88C3FB205F185665D56CC1 /* Pods-instagram.debug.xcconfig */;
			buildSettings = {
				ASSETCATALOG_COMPILER_APPICON_NAME = AppIcon;
				ASSETCATALOG_COMPILER_GLOBAL_ACCENT_COLOR_NAME = AccentColor;
				CODE_SIGN_STYLE = Automatic;
				CURRENT_PROJECT_VERSION = 1;
				DEVELOPMENT_TEAM = L7Z3S54G7A;
				GENERATE_INFOPLIST_FILE = YES;
				INFOPLIST_FILE = instagram/Info.plist;
				INFOPLIST_KEY_CFBundleDisplayName = instagram;
				INFOPLIST_KEY_UIApplicationSupportsIndirectInputEvents = YES;
				INFOPLIST_KEY_UILaunchStoryboardName = LaunchScreen;
				INFOPLIST_KEY_UIMainStoryboardFile = Main;
				INFOPLIST_KEY_UISupportedInterfaceOrientations_iPad = "UIInterfaceOrientationPortrait UIInterfaceOrientationPortraitUpsideDown UIInterfaceOrientationLandscapeLeft UIInterfaceOrientationLandscapeRight";
				INFOPLIST_KEY_UISupportedInterfaceOrientations_iPhone = "UIInterfaceOrientationPortrait UIInterfaceOrientationLandscapeLeft UIInterfaceOrientationLandscapeRight";
				LD_RUNPATH_SEARCH_PATHS = (
					"$(inherited)",
					"@executable_path/Frameworks",
				);
				MARKETING_VERSION = 1.0;
				PRODUCT_BUNDLE_IDENTIFIER = com.tommy89231671.instagram;
				PRODUCT_NAME = "$(TARGET_NAME)";
				SWIFT_EMIT_LOC_STRINGS = YES;
				SWIFT_VERSION = 5.0;
				TARGETED_DEVICE_FAMILY = "1,2";
			};
			name = Debug;
		};
		5052D63A27EE4EB600F17739 /* Release */ = {
			isa = XCBuildConfiguration;
			baseConfigurationReference = 8728E3DB8CB061E789F2097C /* Pods-instagram.release.xcconfig */;
			buildSettings = {
				ASSETCATALOG_COMPILER_APPICON_NAME = AppIcon;
				ASSETCATALOG_COMPILER_GLOBAL_ACCENT_COLOR_NAME = AccentColor;
				CODE_SIGN_STYLE = Automatic;
				CURRENT_PROJECT_VERSION = 1;
				DEVELOPMENT_TEAM = L7Z3S54G7A;
				GENERATE_INFOPLIST_FILE = YES;
				INFOPLIST_FILE = instagram/Info.plist;
				INFOPLIST_KEY_CFBundleDisplayName = instagram;
				INFOPLIST_KEY_UIApplicationSupportsIndirectInputEvents = YES;
				INFOPLIST_KEY_UILaunchStoryboardName = LaunchScreen;
				INFOPLIST_KEY_UIMainStoryboardFile = Main;
				INFOPLIST_KEY_UISupportedInterfaceOrientations_iPad = "UIInterfaceOrientationPortrait UIInterfaceOrientationPortraitUpsideDown UIInterfaceOrientationLandscapeLeft UIInterfaceOrientationLandscapeRight";
				INFOPLIST_KEY_UISupportedInterfaceOrientations_iPhone = "UIInterfaceOrientationPortrait UIInterfaceOrientationLandscapeLeft UIInterfaceOrientationLandscapeRight";
				LD_RUNPATH_SEARCH_PATHS = (
					"$(inherited)",
					"@executable_path/Frameworks",
				);
				MARKETING_VERSION = 1.0;
				PRODUCT_BUNDLE_IDENTIFIER = com.tommy89231671.instagram;
				PRODUCT_NAME = "$(TARGET_NAME)";
				SWIFT_EMIT_LOC_STRINGS = YES;
				SWIFT_VERSION = 5.0;
				TARGETED_DEVICE_FAMILY = "1,2";
			};
			name = Release;
		};
		5052D63C27EE4EB600F17739 /* Debug */ = {
			isa = XCBuildConfiguration;
			baseConfigurationReference = AE8004BE55D0D012DAD6782D /* Pods-instagramTests.debug.xcconfig */;
			buildSettings = {
				ALWAYS_EMBED_SWIFT_STANDARD_LIBRARIES = YES;
				BUNDLE_LOADER = "$(TEST_HOST)";
				CODE_SIGN_STYLE = Automatic;
				CURRENT_PROJECT_VERSION = 1;
				DEVELOPMENT_TEAM = L7Z3S54G7A;
				GENERATE_INFOPLIST_FILE = YES;
				IPHONEOS_DEPLOYMENT_TARGET = 15.2;
				MARKETING_VERSION = 1.0;
				PRODUCT_BUNDLE_IDENTIFIER = com.tommy89231671.instagramTests;
				PRODUCT_NAME = "$(TARGET_NAME)";
				SWIFT_EMIT_LOC_STRINGS = NO;
				SWIFT_VERSION = 5.0;
				TARGETED_DEVICE_FAMILY = "1,2";
				TEST_HOST = "$(BUILT_PRODUCTS_DIR)/instagram.app/instagram";
			};
			name = Debug;
		};
		5052D63D27EE4EB600F17739 /* Release */ = {
			isa = XCBuildConfiguration;
			baseConfigurationReference = 5C022D1DF8EC6EB937F607F9 /* Pods-instagramTests.release.xcconfig */;
			buildSettings = {
				ALWAYS_EMBED_SWIFT_STANDARD_LIBRARIES = YES;
				BUNDLE_LOADER = "$(TEST_HOST)";
				CODE_SIGN_STYLE = Automatic;
				CURRENT_PROJECT_VERSION = 1;
				DEVELOPMENT_TEAM = L7Z3S54G7A;
				GENERATE_INFOPLIST_FILE = YES;
				IPHONEOS_DEPLOYMENT_TARGET = 15.2;
				MARKETING_VERSION = 1.0;
				PRODUCT_BUNDLE_IDENTIFIER = com.tommy89231671.instagramTests;
				PRODUCT_NAME = "$(TARGET_NAME)";
				SWIFT_EMIT_LOC_STRINGS = NO;
				SWIFT_VERSION = 5.0;
				TARGETED_DEVICE_FAMILY = "1,2";
				TEST_HOST = "$(BUILT_PRODUCTS_DIR)/instagram.app/instagram";
			};
			name = Release;
		};
		5052D63F27EE4EB600F17739 /* Debug */ = {
			isa = XCBuildConfiguration;
			baseConfigurationReference = 7DF2F95641B3C9DDBE9A5FD7 /* Pods-instagram-instagramUITests.debug.xcconfig */;
			buildSettings = {
				ALWAYS_EMBED_SWIFT_STANDARD_LIBRARIES = YES;
				CODE_SIGN_STYLE = Automatic;
				CURRENT_PROJECT_VERSION = 1;
				DEVELOPMENT_TEAM = L7Z3S54G7A;
				GENERATE_INFOPLIST_FILE = YES;
				MARKETING_VERSION = 1.0;
				PRODUCT_BUNDLE_IDENTIFIER = com.tommy89231671.instagramUITests;
				PRODUCT_NAME = "$(TARGET_NAME)";
				SWIFT_EMIT_LOC_STRINGS = NO;
				SWIFT_VERSION = 5.0;
				TARGETED_DEVICE_FAMILY = "1,2";
				TEST_TARGET_NAME = instagram;
			};
			name = Debug;
		};
		5052D64027EE4EB600F17739 /* Release */ = {
			isa = XCBuildConfiguration;
			baseConfigurationReference = 9102F7B876E84ACCEDB69062 /* Pods-instagram-instagramUITests.release.xcconfig */;
			buildSettings = {
				ALWAYS_EMBED_SWIFT_STANDARD_LIBRARIES = YES;
				CODE_SIGN_STYLE = Automatic;
				CURRENT_PROJECT_VERSION = 1;
				DEVELOPMENT_TEAM = L7Z3S54G7A;
				GENERATE_INFOPLIST_FILE = YES;
				MARKETING_VERSION = 1.0;
				PRODUCT_BUNDLE_IDENTIFIER = com.tommy89231671.instagramUITests;
				PRODUCT_NAME = "$(TARGET_NAME)";
				SWIFT_EMIT_LOC_STRINGS = NO;
				SWIFT_VERSION = 5.0;
				TARGETED_DEVICE_FAMILY = "1,2";
				TEST_TARGET_NAME = instagram;
			};
			name = Release;
		};
/* End XCBuildConfiguration section */

/* Begin XCConfigurationList section */
		5052D60927EE4EB500F17739 /* Build configuration list for PBXProject "instagram" */ = {
			isa = XCConfigurationList;
			buildConfigurations = (
				5052D63627EE4EB600F17739 /* Debug */,
				5052D63727EE4EB600F17739 /* Release */,
			);
			defaultConfigurationIsVisible = 0;
			defaultConfigurationName = Release;
		};
		5052D63827EE4EB600F17739 /* Build configuration list for PBXNativeTarget "instagram" */ = {
			isa = XCConfigurationList;
			buildConfigurations = (
				5052D63927EE4EB600F17739 /* Debug */,
				5052D63A27EE4EB600F17739 /* Release */,
			);
			defaultConfigurationIsVisible = 0;
			defaultConfigurationName = Release;
		};
		5052D63B27EE4EB600F17739 /* Build configuration list for PBXNativeTarget "instagramTests" */ = {
			isa = XCConfigurationList;
			buildConfigurations = (
				5052D63C27EE4EB600F17739 /* Debug */,
				5052D63D27EE4EB600F17739 /* Release */,
			);
			defaultConfigurationIsVisible = 0;
			defaultConfigurationName = Release;
		};
		5052D63E27EE4EB600F17739 /* Build configuration list for PBXNativeTarget "instagramUITests" */ = {
			isa = XCConfigurationList;
			buildConfigurations = (
				5052D63F27EE4EB600F17739 /* Debug */,
				5052D64027EE4EB600F17739 /* Release */,
			);
			defaultConfigurationIsVisible = 0;
			defaultConfigurationName = Release;
		};
/* End XCConfigurationList section */
	};
	rootObject = 5052D60627EE4EB500F17739 /* Project object */;
}
